<?xml version="1.0" encoding="utf-8"?>
<Project ToolsVersion="4.0" xmlns="http://schemas.microsoft.com/developer/msbuild/2003">
  <ItemGroup>
    <Filter Include="Source Files">
      <UniqueIdentifier>{4FC737F1-C7A5-4376-A066-2A32D752A2FF}</UniqueIdentifier>
      <Extensions>cpp;c;cc;cxx;c++;cppm;ixx;def;odl;idl;hpj;bat;asm;asmx</Extensions>
    </Filter>
    <Filter Include="Header Files">
      <UniqueIdentifier>{93995380-89BD-4b04-88EB-625FBE52EBFB}</UniqueIdentifier>
      <Extensions>h;hh;hpp;hxx;h++;hm;inl;inc;ipp;xsd</Extensions>
    </Filter>
    <Filter Include="Resource Files">
      <UniqueIdentifier>{67DA6AB6-F800-4c08-8B7A-83BB121AAD01}</UniqueIdentifier>
      <Extensions>rc;ico;cur;bmp;dlg;rc2;rct;bin;rgs;gif;jpg;jpeg;jpe;resx;tiff;tif;png;wav;mfcribbon-ms</Extensions>
    </Filter>
    <Filter Include="Header Files\sciplot">
      <UniqueIdentifier>{404717e5-2260-452b-b656-89cffa1cecc1}</UniqueIdentifier>
    </Filter>
    <Filter Include="Header Files\sciplot\specs">
      <UniqueIdentifier>{f31b28d3-118b-4e38-8608-1c46fcacd3d4}</UniqueIdentifier>
    </Filter>
  </ItemGroup>
  <ItemGroup>
    <ClCompile Include="source\Network.cpp">
      <Filter>Source Files</Filter>
    </ClCompile>
    <ClCompile Include="source\main.cpp">
      <Filter>Source Files</Filter>
    </ClCompile>
    <ClCompile Include="source\Population.cpp">
      <Filter>Source Files</Filter>
    </ClCompile>
    <ClCompile Include="source\Random.cpp">
      <Filter>Source Files</Filter>
    </ClCompile>
    <ClCompile Include="source\Genotype.cpp">
      <Filter>Source Files</Filter>
    </ClCompile>
    <ClCompile Include="source\Phenotype.cpp">
      <Filter>Source Files</Filter>
    </ClCompile>
    <ClCompile Include="source\Trial.cpp">
      <Filter>Source Files</Filter>
    </ClCompile>
  </ItemGroup>
  <ItemGroup>
    <ClInclude Include="source\Network.h">
      <Filter>Header Files</Filter>
    </ClInclude>
    <ClInclude Include="source\Population.h">
      <Filter>Header Files</Filter>
    </ClInclude>
    <ClInclude Include="source\Trial.h">
      <Filter>Header Files</Filter>
    </ClInclude>
    <ClInclude Include="source\Random.h">
      <Filter>Header Files</Filter>
    </ClInclude>
    <ClInclude Include="source\dkm.h">
      <Filter>Header Files</Filter>
    </ClInclude>
    <ClInclude Include="source\Genotype.h">
      <Filter>Header Files</Filter>
    </ClInclude>
    <ClInclude Include="source\Phenotype.h">
      <Filter>Header Files</Filter>
    </ClInclude>
    <ClInclude Include="source\sciplot\Canvas.hpp">
      <Filter>Header Files\sciplot</Filter>
    </ClInclude>
    <ClInclude Include="source\sciplot\ColumnIndex.hpp">
      <Filter>Header Files\sciplot</Filter>
    </ClInclude>
    <ClInclude Include="source\sciplot\Constants.hpp">
      <Filter>Header Files\sciplot</Filter>
    </ClInclude>
    <ClInclude Include="source\sciplot\Default.hpp">
      <Filter>Header Files\sciplot</Filter>
    </ClInclude>
    <ClInclude Include="source\sciplot\Enums.hpp">
      <Filter>Header Files\sciplot</Filter>
    </ClInclude>
    <ClInclude Include="source\sciplot\Figure.hpp">
      <Filter>Header Files\sciplot</Filter>
    </ClInclude>
    <ClInclude Include="source\sciplot\Palettes.hpp">
      <Filter>Header Files\sciplot</Filter>
    </ClInclude>
    <ClInclude Include="source\sciplot\Plot.hpp">
      <Filter>Header Files\sciplot</Filter>
    </ClInclude>
    <ClInclude Include="source\sciplot\Plot2D.hpp">
      <Filter>Header Files\sciplot</Filter>
    </ClInclude>
    <ClInclude Include="source\sciplot\sciplot.hpp">
      <Filter>Header Files\sciplot</Filter>
    </ClInclude>
    <ClInclude Include="source\sciplot\StringOrDouble.hpp">
      <Filter>Header Files\sciplot</Filter>
    </ClInclude>
    <ClInclude Include="source\sciplot\Utils.hpp">
      <Filter>Header Files\sciplot</Filter>
    </ClInclude>
    <ClInclude Include="source\sciplot\Vec.hpp">
      <Filter>Header Files\sciplot</Filter>
    </ClInclude>
    <ClInclude Include="source\sciplot\specs\AxisLabelSpecs.hpp">
      <Filter>Header Files\sciplot\specs</Filter>
    </ClInclude>
    <ClInclude Include="source\sciplot\specs\BorderSpecs.hpp">
      <Filter>Header Files\sciplot\specs</Filter>
    </ClInclude>
    <ClInclude Include="source\sciplot\specs\DepthSpecsOf.hpp">
      <Filter>Header Files\sciplot\specs</Filter>
    </ClInclude>
    <ClInclude Include="source\sciplot\specs\DrawSpecs.hpp">
      <Filter>Header Files\sciplot\specs</Filter>
    </ClInclude>
    <ClInclude Include="source\sciplot\specs\FilledCurvesSpecsOf.hpp">
      <Filter>Header Files\sciplot\specs</Filter>
    </ClInclude>
    <ClInclude Include="source\sciplot\specs\FillSpecsOf.hpp">
      <Filter>Header Files\sciplot\specs</Filter>
    </ClInclude>
    <ClInclude Include="source\sciplot\specs\FillStyleSpecs.hpp">
      <Filter>Header Files\sciplot\specs</Filter>
    </ClInclude>
    <ClInclude Include="source\sciplot\specs\FontSpecsOf.hpp">
      <Filter>Header Files\sciplot\specs</Filter>
    </ClInclude>
    <ClInclude Include="source\sciplot\specs\FrameSpecsOf.hpp">
      <Filter>Header Files\sciplot\specs</Filter>
    </ClInclude>
    <ClInclude Include="source\sciplot\specs\GridSpecs.hpp">
      <Filter>Header Files\sciplot\specs</Filter>
    </ClInclude>
    <ClInclude Include="source\sciplot\specs\GridSpecsBase.hpp">
      <Filter>Header Files\sciplot\specs</Filter>
    </ClInclude>
    <ClInclude Include="source\sciplot\specs\HistogramStyleSpecs.hpp">
      <Filter>Header Files\sciplot\specs</Filter>
    </ClInclude>
    <ClInclude Include="source\sciplot\specs\LabelSpecs.hpp">
      <Filter>Header Files\sciplot\specs</Filter>
    </ClInclude>
    <ClInclude Include="source\sciplot\specs\LayoutSpecs.hpp">
      <Filter>Header Files\sciplot\specs</Filter>
    </ClInclude>
    <ClInclude Include="source\sciplot\specs\LegendSpecs.hpp">
      <Filter>Header Files\sciplot\specs</Filter>
    </ClInclude>
    <ClInclude Include="source\sciplot\specs\LineSpecsOf.hpp">
      <Filter>Header Files\sciplot\specs</Filter>
    </ClInclude>
    <ClInclude Include="source\sciplot\specs\OffsetSpecsOf.hpp">
      <Filter>Header Files\sciplot\specs</Filter>
    </ClInclude>
    <ClInclude Include="source\sciplot\specs\PointSpecsOf.hpp">
      <Filter>Header Files\sciplot\specs</Filter>
    </ClInclude>
    <ClInclude Include="source\sciplot\specs\ShowSpecsOf.hpp">
      <Filter>Header Files\sciplot\specs</Filter>
    </ClInclude>
    <ClInclude Include="source\sciplot\specs\Specs.hpp">
      <Filter>Header Files\sciplot\specs</Filter>
    </ClInclude>
    <ClInclude Include="source\sciplot\specs\TextSpecsOf.hpp">
      <Filter>Header Files\sciplot\specs</Filter>
    </ClInclude>
    <ClInclude Include="source\sciplot\specs\TicsSpecs.hpp">
      <Filter>Header Files\sciplot\specs</Filter>
    </ClInclude>
    <ClInclude Include="source\sciplot\specs\TicsSpecsBaseOf.hpp">
      <Filter>Header Files\sciplot\specs</Filter>
    </ClInclude>
    <ClInclude Include="source\sciplot\specs\TicsSpecsMajor.hpp">
      <Filter>Header Files\sciplot\specs</Filter>
    </ClInclude>
    <ClInclude Include="source\sciplot\specs\TicsSpecsMinor.hpp">
      <Filter>Header Files\sciplot\specs</Filter>
    </ClInclude>
    <ClInclude Include="source\sciplot\specs\TitleSpecsOf.hpp">
      <Filter>Header Files\sciplot\specs</Filter>
    </ClInclude>
  </ItemGroup>
</Project>